
Microsoft Visual Studio Solution File, Format Version 12.00
# Visual Studio Version 16
VisualStudioVersion = 16.0.29519.87
MinimumVisualStudioVersion = 10.0.40219.1
Project("{FAE04EC0-301F-11D3-BF4B-00C04F79EFBC}") = "StaffApp.Database", "StaffApp.Database\StaffApp.Database.csproj", "{60D4D136-FA00-48F3-87E4-FEDE747479BF}"
EndProject
Project("{FAE04EC0-301F-11D3-BF4B-00C04F79EFBC}") = "StaffApp.API", "StaffApp.API\StaffApp.API.csproj", "{879AF810-4066-4376-A02E-03F783B91BEC}"
EndProject
Project("{FAE04EC0-301F-11D3-BF4B-00C04F79EFBC}") = "StaffApp.Services", "StaffApp.Services\StaffApp.Services.csproj", "{D4EDBFB0-72E3-4AA1-8D62-2D27B86F4F10}"
EndProject
Global
	GlobalSection(SolutionConfigurationPlatforms) = preSolution
		Debug|Any CPU = Debug|Any CPU
		Release|Any CPU = Release|Any CPU
	EndGlobalSection
	GlobalSection(ProjectConfigurationPlatforms) = postSolution
		{60D4D136-FA00-48F3-87E4-FEDE747479BF}.Debug|Any CPU.ActiveCfg = Debug|Any CPU
		{60D4D136-FA00-48F3-87E4-FEDE747479BF}.Debug|Any CPU.Build.0 = Debug|Any CPU
		{60D4D136-FA00-48F3-87E4-FEDE747479BF}.Release|Any CPU.ActiveCfg = Release|Any CPU
		{60D4D136-FA00-48F3-87E4-FEDE747479BF}.Release|Any CPU.Build.0 = Release|Any CPU
		{879AF810-4066-4376-A02E-03F783B91BEC}.Debug|Any CPU.ActiveCfg = Debug|Any CPU
		{879AF810-4066-4376-A02E-03F783B91BEC}.Debug|Any CPU.Build.0 = Debug|Any CPU
		{879AF810-4066-4376-A02E-03F783B91BEC}.Release|Any CPU.ActiveCfg = Release|Any CPU
		{879AF810-4066-4376-A02E-03F783B91BEC}.Release|Any CPU.Build.0 = Release|Any CPU
		{D4EDBFB0-72E3-4AA1-8D62-2D27B86F4F10}.Debug|Any CPU.ActiveCfg = Debug|Any CPU
		{D4EDBFB0-72E3-4AA1-8D62-2D27B86F4F10}.Debug|Any CPU.Build.0 = Debug|Any CPU
		{D4EDBFB0-72E3-4AA1-8D62-2D27B86F4F10}.Release|Any CPU.ActiveCfg = Release|Any CPU
		{D4EDBFB0-72E3-4AA1-8D62-2D27B86F4F10}.Release|Any CPU.Build.0 = Release|Any CPU
	EndGlobalSection
	GlobalSection(SolutionProperties) = preSolution
		HideSolutionNode = FALSE
	EndGlobalSection
	GlobalSection(ExtensibilityGlobals) = postSolution
		SolutionGuid = {38B719B9-7085-47B1-8E34-4F16DBB5BD06}
	EndGlobalSection
EndGlobal
